<Solution>
  <Project Path="BaseAssembly.csproj" />
  <Project Path="Quests.csproj" />
  <Project Path="Editor.csproj" />
  <Project Path="ToolkitUI.csproj" />
  <Project Path="Adapters.csproj" />
  <Project Path="UI.csproj" />
  <Project Path="SimpleFolderIcon.csproj" />
  <Project Path="MapGen.csproj" />
  <Project Path="Assembly-CSharp.csproj" />
  <Project Path="Test.csproj" />
  <Project Path="Saving.csproj" />
  <Project Path="APIserialization.csproj" />
</Solution>
